
Microsoft Visual Studio Solution File, Format Version 12.00
# Visual Studio Version 17
VisualStudioVersion = 17.1.32319.34
MinimumVisualStudioVersion = 10.0.40219.1
Project("{9A19103F-16F7-4668-BE54-9A1E7A4F7556}") = "MudBlazorAwsome.Client", "MudBlazorAwsome\Client\MudBlazorAwsome.Client.csproj", "{3415466C-1D4B-4719-80D6-4D43BE7C0F4E}"
EndProject
Project("{9A19103F-16F7-4668-BE54-9A1E7A4F7556}") = "MudBlazorAwsome.Server", "MudBlazorAwsome\Server\MudBlazorAwsome.Server.csproj", "{726AFAC6-C081-48C7-8327-E52171723D14}"
EndProject
Project("{9A19103F-16F7-4668-BE54-9A1E7A4F7556}") = "MudBlazorAwsome.Shared", "MudBlazorAwsome\Shared\MudBlazorAwsome.Shared.csproj", "{6BEA613E-689E-408F-9AC5-B02465668AD0}"
EndProject
Global
	GlobalSection(SolutionConfigurationPlatforms) = preSolution
		Debug|Any CPU = Debug|Any CPU
		Release|Any CPU = Release|Any CPU
	EndGlobalSection
	GlobalSection(ProjectConfigurationPlatforms) = postSolution
		{3415466C-1D4B-4719-80D6-4D43BE7C0F4E}.Debug|Any CPU.ActiveCfg = Debug|Any CPU
		{3415466C-1D4B-4719-80D6-4D43BE7C0F4E}.Debug|Any CPU.Build.0 = Debug|Any CPU
		{3415466C-1D4B-4719-80D6-4D43BE7C0F4E}.Release|Any CPU.ActiveCfg = Release|Any CPU
		{3415466C-1D4B-4719-80D6-4D43BE7C0F4E}.Release|Any CPU.Build.0 = Release|Any CPU
		{726AFAC6-C081-48C7-8327-E52171723D14}.Debug|Any CPU.ActiveCfg = Debug|Any CPU
		{726AFAC6-C081-48C7-8327-E52171723D14}.Debug|Any CPU.Build.0 = Debug|Any CPU
		{726AFAC6-C081-48C7-8327-E52171723D14}.Release|Any CPU.ActiveCfg = Release|Any CPU
		{726AFAC6-C081-48C7-8327-E52171723D14}.Release|Any CPU.Build.0 = Release|Any CPU
		{6BEA613E-689E-408F-9AC5-B02465668AD0}.Debug|Any CPU.ActiveCfg = Debug|Any CPU
		{6BEA613E-689E-408F-9AC5-B02465668AD0}.Debug|Any CPU.Build.0 = Debug|Any CPU
		{6BEA613E-689E-408F-9AC5-B02465668AD0}.Release|Any CPU.ActiveCfg = Release|Any CPU
		{6BEA613E-689E-408F-9AC5-B02465668AD0}.Release|Any CPU.Build.0 = Release|Any CPU
	EndGlobalSection
	GlobalSection(SolutionProperties) = preSolution
		HideSolutionNode = FALSE
	EndGlobalSection
	GlobalSection(ExtensibilityGlobals) = postSolution
		SolutionGuid = {E898C8A0-557F-42E3-82CC-4ECB41E7E9E8}
	EndGlobalSection
EndGlobal
