
Microsoft Visual Studio Solution File, Format Version 12.00
# Visual Studio Version 17
VisualStudioVersion = 17.0.31717.71
MinimumVisualStudioVersion = 10.0.40219.1
Project("{9AA39CD0-2C39-4CE6-B7A8-5D5CA27408A5}") = "MudBlazorAwsome.Server", "Server\MudBlazorAwsome.Server.csproj", "{613B4B49-7F94-4307-8B62-C6C738F6A44F}"
EndProject
Project("{9AA39CD0-2C39-4CE6-B7A8-5D5CA27408A5}") = "MudBlazorAwsome.Client", "Client\MudBlazorAwsome.Client.csproj", "{15DB68CD-5995-4879-AB7E-79F5F8829B8A}"
EndProject
Project("{9AA39CD0-2C39-4CE6-B7A8-5D5CA27408A5}") = "MudBlazorAwsome.Shared", "Shared\MudBlazorAwsome.Shared.csproj", "{613DF935-3538-492F-BCBF-00D39B02F5C3}"
EndProject
Global
	GlobalSection(SolutionConfigurationPlatforms) = preSolution
		Debug|Any CPU = Debug|Any CPU
		Release|Any CPU = Release|Any CPU
	EndGlobalSection
	GlobalSection(ProjectConfigurationPlatforms) = postSolution
		{613B4B49-7F94-4307-8B62-C6C738F6A44F}.Debug|Any CPU.ActiveCfg = Debug|Any CPU
		{613B4B49-7F94-4307-8B62-C6C738F6A44F}.Debug|Any CPU.Build.0 = Debug|Any CPU
		{613B4B49-7F94-4307-8B62-C6C738F6A44F}.Release|Any CPU.ActiveCfg = Release|Any CPU
		{613B4B49-7F94-4307-8B62-C6C738F6A44F}.Release|Any CPU.Build.0 = Release|Any CPU
		{15DB68CD-5995-4879-AB7E-79F5F8829B8A}.Debug|Any CPU.ActiveCfg = Debug|Any CPU
		{15DB68CD-5995-4879-AB7E-79F5F8829B8A}.Debug|Any CPU.Build.0 = Debug|Any CPU
		{15DB68CD-5995-4879-AB7E-79F5F8829B8A}.Release|Any CPU.ActiveCfg = Release|Any CPU
		{15DB68CD-5995-4879-AB7E-79F5F8829B8A}.Release|Any CPU.Build.0 = Release|Any CPU
		{613DF935-3538-492F-BCBF-00D39B02F5C3}.Debug|Any CPU.ActiveCfg = Debug|Any CPU
		{613DF935-3538-492F-BCBF-00D39B02F5C3}.Debug|Any CPU.Build.0 = Debug|Any CPU
		{613DF935-3538-492F-BCBF-00D39B02F5C3}.Release|Any CPU.ActiveCfg = Release|Any CPU
		{613DF935-3538-492F-BCBF-00D39B02F5C3}.Release|Any CPU.Build.0 = Release|Any CPU
	EndGlobalSection
	GlobalSection(SolutionProperties) = preSolution
		HideSolutionNode = FALSE
	EndGlobalSection
	GlobalSection(ExtensibilityGlobals) = postSolution
		SolutionGuid = {D96AAFFF-F44C-426E-A97E-20A009DACF62}
	EndGlobalSection
EndGlobal